hash: 76a5fb9e29c7c839820d334ddcb33be08bc82339af3a2b4cccba0edc29d60e3b
updated: 2017-06-19T23:31:43.102540896+02:00
imports:
- name: github.com/aokoli/goutils
  version: 3391d3790d23d03408670993e957e8f408993c34
- name: github.com/huandu/xstrings
  version: 3959339b333561bf62a38b424fd41517c2c90f40
- name: github.com/imdario/mergo
  version: 3e95a51e0639b4cf372f2ccf74c86749d747fbdc
- name: github.com/jaytaylor/html2text
  version: 7c7a33a7a158a5ce395c803d2b6a209b2bbc14c8
- name: github.com/Masterminds/semver
  version: 59c29afe1a994eacb71c833025ca7acf874bb1da
- name: github.com/Masterminds/sprig
  version: 9526be0327b26ad31aa70296a7b10704883976d5
- name: github.com/mattn/go-runewidth
  version: 97311d9f7767e3d6f422ea06661bc2c7a19e8a5d
- name: github.com/olekukonko/tablewriter
  version: febf2d34b54a69ce7530036c7503b1c9fbfdf0bb
- name: github.com/russross/blackfriday
  version: 0b647d0506a698cca42caca173e55559b12a69f2
- name: github.com/satori/go.uuid
  version: 879c5887cd475cd7864858769793b2ceb0d44feb
- name: github.com/shurcooL/sanitized_anchor_name
  version: 541ff5ee47f1dddf6a5281af78307d921524bcb5
- name: github.com/ssor/bom
  version: 6ed919a936d5ab554e4b40bc51f7c522488122c6
- name: golang.org/x/crypto
  version: adbae1b6b6fb4b02448a0fc0dbbc9ba2b95b294d
  subpackages:
  - pbkdf2
  - scrypt
- name: golang.org/x/net
  version: f315505cf3349909cdf013ea56690da34e96a451
  subpackages:
  - html
  - html/atom
testImports:
- name: github.com/davecgh/go-spew
  version: 6d212800a42e8ab5c146b8ace3490ee17e5225f9
  subpackages:
  - spew
- name: github.com/pmezard/go-difflib
  version: d8ed2627bdf02c080bf22230dbb337003b7aba2d
  subpackages:
  - difflib
- name: github.com/stretchr/testify
  version: 69483b4bd14f5845b5a1e55bca19e954e827f1d0
  subpackages:
  - assert
